#MicroXplorer Configuration settings - do not modify
ADC1.Channel-0\#ChannelRegularConversion=ADC_CHANNEL_6
ADC1.ContinuousConvMode=ENABLE
ADC1.IPParameters=Rank-0\#ChannelRegularConversion,master,Channel-0\#ChannelRegularConversion,SamplingTime-0\#ChannelRegularConversion,NbrOfConversionFlag,ContinuousConvMode
ADC1.NbrOfConversionFlag=1
ADC1.Rank-0\#ChannelRegularConversion=1
ADC1.SamplingTime-0\#ChannelRegularConversion=ADC_SAMPLETIME_1CYCLE_5
ADC1.master=1
CAN1.ABOM=ENABLE
CAN1.BS1=CAN_BS1_6TQ
CAN1.CalculateBaudRate=500000
CAN1.CalculateTimeBit=2000
CAN1.CalculateTimeQuantum=250.0
CAN1.IPParameters=CalculateTimeQuantum,CalculateTimeBit,CalculateBaudRate,Prescaler,BS1,ABOM,NART
CAN1.NART=ENABLE
CAN1.Prescaler=9
CAN2.ABOM=ENABLE
CAN2.BS1=CAN_BS1_6TQ
CAN2.CalculateBaudRate=500000
CAN2.CalculateTimeBit=2000
CAN2.CalculateTimeQuantum=250.0
CAN2.IPParameters=CalculateTimeQuantum,CalculateTimeBit,CalculateBaudRate,Prescaler,BS1,ABOM,NART
CAN2.NART=ENABLE
CAN2.Prescaler=9
FREERTOS.BinarySemaphores01=SartStopSem01,Dynamic,NULL;HandBrakeSem02,Dynamic,NULL;ParkBrakeSem03,Dynamic,NULL
FREERTOS.FootprintOK=true
FREERTOS.INCLUDE_vTaskDelayUntil=1
FREERTOS.IPParameters=Tasks01,INCLUDE_vTaskDelayUntil,Queues01,FootprintOK,BinarySemaphores01
FREERTOS.Queues01=myQueue01,8,typedef_B5h,0,Dynamic,NULL,NULL;myQueue02,8,typedef_Command,0,Dynamic,NULL,NULL
FREERTOS.Tasks01=defaultTask,0,128,StartDefaultTask,Default,NULL,Dynamic,NULL,NULL;myButtonTask,-1,128,StartTask02,Default,NULL,Dynamic,NULL,NULL;myTask03,-2,128,HandBrake,Default,NULL,Dynamic,NULL,NULL;myTask04,-2,128,StartStop,Default,NULL,Dynamic,NULL,NULL;myTask05,-2,128,ParkBrake,Default,NULL,Dynamic,NULL,NULL
File.Version=6
GPIO.groupedBy=
KeepUserPlacement=false
Mcu.CPN=STM32F105RCT6
Mcu.Family=STM32F1
Mcu.IP0=ADC1
Mcu.IP1=CAN1
Mcu.IP2=CAN2
Mcu.IP3=FREERTOS
Mcu.IP4=NVIC
Mcu.IP5=RCC
Mcu.IP6=SYS
Mcu.IP7=USB_DEVICE
Mcu.IP8=USB_OTG_FS
Mcu.IPNb=9
Mcu.Name=STM32F105R(8-B-C)Tx
Mcu.Package=LQFP64
Mcu.Pin0=PD0-OSC_IN
Mcu.Pin1=PD1-OSC_OUT
Mcu.Pin10=PA12
Mcu.Pin11=PA13
Mcu.Pin12=PA14
Mcu.Pin13=PB4
Mcu.Pin14=PB5
Mcu.Pin15=PB6
Mcu.Pin16=PB7
Mcu.Pin17=PB8
Mcu.Pin18=PB9
Mcu.Pin19=VP_FREERTOS_VS_CMSIS_V1
Mcu.Pin2=PC1
Mcu.Pin20=VP_SYS_VS_tim6
Mcu.Pin21=VP_USB_DEVICE_VS_USB_DEVICE_CDC_FS
Mcu.Pin3=PC3
Mcu.Pin4=PA0-WKUP
Mcu.Pin5=PA6
Mcu.Pin6=PB12
Mcu.Pin7=PB13
Mcu.Pin8=PA9
Mcu.Pin9=PA11
Mcu.PinsNb=22
Mcu.ThirdPartyNb=0
Mcu.UserConstants=
Mcu.UserName=STM32F105RCTx
MxCube.Version=6.6.1
MxDb.Version=DB.6.0.60
NVIC.BusFault_IRQn=true\:0\:0\:false\:false\:true\:false\:false\:false\:false
NVIC.CAN1_RX0_IRQn=true\:5\:0\:false\:false\:true\:true\:true\:true\:true
NVIC.CAN1_TX_IRQn=true\:5\:0\:false\:false\:true\:true\:true\:true\:true
NVIC.CAN2_RX0_IRQn=true\:5\:0\:false\:false\:true\:true\:true\:true\:true
NVIC.CAN2_RX1_IRQn=true\:5\:0\:false\:false\:true\:true\:true\:true\:true
NVIC.CAN2_TX_IRQn=true\:5\:0\:false\:false\:true\:true\:true\:true\:true
NVIC.DebugMonitor_IRQn=true\:0\:0\:false\:false\:true\:false\:false\:false\:false
NVIC.ForceEnableDMAVector=true
NVIC.HardFault_IRQn=true\:0\:0\:false\:false\:true\:false\:false\:false\:false
NVIC.MemoryManagement_IRQn=true\:0\:0\:false\:false\:true\:false\:false\:false\:false
NVIC.NonMaskableInt_IRQn=true\:0\:0\:false\:false\:true\:false\:false\:false\:false
NVIC.OTG_FS_IRQn=true\:5\:0\:false\:false\:true\:true\:false\:true\:true
NVIC.PendSV_IRQn=true\:15\:0\:false\:false\:false\:true\:false\:false\:false
NVIC.PriorityGroup=NVIC_PRIORITYGROUP_4
NVIC.SVCall_IRQn=true\:0\:0\:false\:false\:false\:false\:false\:false\:false
NVIC.SavedPendsvIrqHandlerGenerated=true
NVIC.SavedSvcallIrqHandlerGenerated=true
NVIC.SavedSystickIrqHandlerGenerated=true
NVIC.SysTick_IRQn=true\:15\:0\:false\:false\:false\:true\:false\:true\:false
NVIC.TIM6_IRQn=true\:0\:0\:false\:false\:true\:false\:false\:true\:true
NVIC.TimeBase=TIM6_IRQn
NVIC.TimeBaseIP=TIM6
NVIC.UsageFault_IRQn=true\:0\:0\:false\:false\:true\:false\:false\:false\:false
PA0-WKUP.GPIOParameters=GPIO_Label
PA0-WKUP.GPIO_Label=LS_SWITCH_1
PA0-WKUP.Locked=true
PA0-WKUP.Signal=GPIO_Output
PA11.Mode=Device_Only
PA11.Signal=USB_OTG_FS_DM
PA12.Mode=Device_Only
PA12.Signal=USB_OTG_FS_DP
PA13.Mode=Serial_Wire
PA13.Signal=SYS_JTMS-SWDIO
PA14.Mode=Serial_Wire
PA14.Signal=SYS_JTCK-SWCLK
PA6.Locked=true
PA6.Signal=ADCx_IN6
PA9.Mode=Activate_VBUS
PA9.Signal=USB_OTG_FS_VBUS
PB12.GPIOParameters=GPIO_Label
PB12.GPIO_Label=HB_PULL
PB12.Locked=true
PB12.Signal=GPIO_Output
PB13.GPIOParameters=GPIO_Label
PB13.GPIO_Label=HB_PUSH
PB13.Locked=true
PB13.Signal=GPIO_Output
PB4.GPIOParameters=GPIO_Label
PB4.GPIO_Label=CAN2_STBY
PB4.Locked=true
PB4.Signal=GPIO_Output
PB5.Locked=true
PB5.Mode=CAN_Activate
PB5.Signal=CAN2_RX
PB6.Locked=true
PB6.Mode=CAN_Activate
PB6.Signal=CAN2_TX
PB7.GPIOParameters=GPIO_Label
PB7.GPIO_Label=CAN1_STBY
PB7.Locked=true
PB7.Signal=GPIO_Output
PB8.Locked=true
PB8.Mode=CAN_Activate
PB8.Signal=CAN1_RX
PB9.Locked=true
PB9.Mode=CAN_Activate
PB9.Signal=CAN1_TX
PC1.GPIOParameters=GPIO_Label
PC1.GPIO_Label=RELAY_COIL
PC1.Locked=true
PC1.Signal=GPIO_Output
PC3.GPIOParameters=GPIO_Label
PC3.GPIO_Label=LS_SWITCH_2
PC3.Locked=true
PC3.Signal=GPIO_Output
PCC.Checker=false
PCC.Line=STM32F105/107
PCC.MCU=STM32F105R(8-B-C)Tx
PCC.PartNumber=STM32F105RCTx
PCC.Seq0=2
PCC.Seq0.Step0.Average_Current=28.3 mA
PCC.Seq0.Step0.CPU_Frequency=72 MHz
PCC.Seq0.Step0.Category=In DS Table
PCC.Seq0.Step0.DMIPS=90.0
PCC.Seq0.Step0.Duration=0.2 ms
PCC.Seq0.Step0.Frequency=8 MHz
PCC.Seq0.Step0.Memory=FLASH
PCC.Seq0.Step0.Mode=RUN
PCC.Seq0.Step0.Oscillator=HSE PLL
PCC.Seq0.Step0.Peripherals=
PCC.Seq0.Step0.TaMax=100.8
PCC.Seq0.Step0.User's_Consumption=0 mA
PCC.Seq0.Step0.Vcore=No Scale
PCC.Seq0.Step0.Vdd=3.3
PCC.Seq0.Step0.Voltage_Source=Battery
PCC.Seq0.Step1.Average_Current=26 \u00B5A
PCC.Seq0.Step1.CPU_Frequency=0 Hz
PCC.Seq0.Step1.Category=In DS Table
PCC.Seq0.Step1.DMIPS=0.0
PCC.Seq0.Step1.Duration=0.8 ms
PCC.Seq0.Step1.Frequency=0 Hz
PCC.Seq0.Step1.Memory=n/a
PCC.Seq0.Step1.Mode=STOP
PCC.Seq0.Step1.Oscillator=Regulator_LP
PCC.Seq0.Step1.Peripherals=
PCC.Seq0.Step1.TaMax=105
PCC.Seq0.Step1.User's_Consumption=0 mA
PCC.Seq0.Step1.Vcore=No Scale
PCC.Seq0.Step1.Vdd=3.3
PCC.Seq0.Step1.Voltage_Source=Battery
PCC.Series=STM32F1
PCC.Temperature=25
PCC.Vdd=3.3
PD0-OSC_IN.Mode=HSE-External-Oscillator
PD0-OSC_IN.Signal=RCC_OSC_IN
PD1-OSC_OUT.Mode=HSE-External-Oscillator
PD1-OSC_OUT.Signal=RCC_OSC_OUT
PinOutPanel.RotationAngle=0
ProjectManager.AskForMigrate=true
ProjectManager.BackupPrevious=false
ProjectManager.CompilerOptimize=6
ProjectManager.ComputerToolchain=false
ProjectManager.CoupleFile=false
ProjectManager.CustomerFirmwarePackage=
ProjectManager.DefaultFWLocation=true
ProjectManager.DeletePrevious=true
ProjectManager.DeviceId=STM32F105RCTx
ProjectManager.FirmwarePackage=STM32Cube FW_F1 V1.8.5
ProjectManager.FreePins=false
ProjectManager.HalAssertFull=false
ProjectManager.HeapSize=0x200
ProjectManager.KeepUserCode=true
ProjectManager.LastFirmware=true
ProjectManager.LibraryCopy=1
ProjectManager.MainLocation=Core/Src
ProjectManager.NoMain=false
ProjectManager.PreviousToolchain=STM32CubeIDE
ProjectManager.ProjectBuild=false
ProjectManager.ProjectFileName=Shift by wire.ioc
ProjectManager.ProjectName=Shift by wire
ProjectManager.RegisterCallBack=
ProjectManager.StackSize=0x400
ProjectManager.TargetToolchain=STM32CubeIDE
ProjectManager.ToolChainLocation=
ProjectManager.UnderRoot=true
ProjectManager.functionlistsort=1-MX_GPIO_Init-GPIO-false-HAL-true,2-SystemClock_Config-RCC-false-HAL-false,3-MX_CAN1_Init-CAN1-false-HAL-true,4-MX_CAN2_Init-CAN2-false-HAL-true,5-MX_ADC1_Init-ADC1-false-HAL-true,6-MX_USB_DEVICE_Init-USB_DEVICE-false-HAL-false
RCC.ADCFreqValue=12000000
RCC.ADCPresc=RCC_ADCPCLK2_DIV6
RCC.AHBFreq_Value=72000000
RCC.APB1CLKDivider=RCC_HCLK_DIV2
RCC.APB1Freq_Value=36000000
RCC.APB1TimFreq_Value=72000000
RCC.APB2Freq_Value=72000000
RCC.APB2TimFreq_Value=72000000
RCC.FCLKCortexFreq_Value=72000000
RCC.FamilyName=M
RCC.HCLKFreq_Value=72000000
RCC.I2S2Freq_Value=72000000
RCC.I2S3Freq_Value=72000000
RCC.IPParameters=ADCFreqValue,ADCPresc,AHBFreq_Value,APB1CLKDivider,APB1Freq_Value,APB1TimFreq_Value,APB2Freq_Value,APB2TimFreq_Value,FCLKCortexFreq_Value,FamilyName,HCLKFreq_Value,I2S2Freq_Value,I2S3Freq_Value,MCOFreq_Value,PLLCLKFreq_Value,PLLMUL,PLLSourceVirtual,SYSCLKFreq_VALUE,SYSCLKSource,TimSysFreq_Value,USBFreq_Value,VCOOutput2Freq_Value
RCC.MCOFreq_Value=72000000
RCC.PLLCLKFreq_Value=72000000
RCC.PLLMUL=RCC_PLL_MUL9
RCC.PLLSourceVirtual=RCC_PLLSOURCE_HSE
RCC.SYSCLKFreq_VALUE=72000000
RCC.SYSCLKSource=RCC_SYSCLKSOURCE_PLLCLK
RCC.TimSysFreq_Value=72000000
RCC.USBFreq_Value=48000000
RCC.VCOOutput2Freq_Value=8000000
SH.ADCx_IN6.0=ADC1_IN6,IN6
SH.ADCx_IN6.ConfNb=1
USB_DEVICE.CLASS_NAME_FS=CDC
USB_DEVICE.IPParameters=VirtualMode,VirtualModeFS,CLASS_NAME_FS
USB_DEVICE.VirtualMode=Cdc
USB_DEVICE.VirtualModeFS=Cdc_FS
USB_OTG_FS.IPParameters=VirtualMode
USB_OTG_FS.VirtualMode=Device_Only
VP_FREERTOS_VS_CMSIS_V1.Mode=CMSIS_V1
VP_FREERTOS_VS_CMSIS_V1.Signal=FREERTOS_VS_CMSIS_V1
VP_SYS_VS_tim6.Mode=TIM6
VP_SYS_VS_tim6.Signal=SYS_VS_tim6
VP_USB_DEVICE_VS_USB_DEVICE_CDC_FS.Mode=CDC_FS
VP_USB_DEVICE_VS_USB_DEVICE_CDC_FS.Signal=USB_DEVICE_VS_USB_DEVICE_CDC_FS
board=custom
isbadioc=false
